Microsoft Visual Studio Solution File, Format Version 12.00
# Visual Studio Version 17
VisualStudioVersion = 17.5.2.0
MinimumVisualStudioVersion = 10.0.40219.1
Project("{FAE04EC0-301F-11D3-BF4B-00C04F79EFBC}") = "DataPollingApi", "DataPollingApi.csproj", "{D0903339-30E9-6120-85A8-22809026A76B}"
EndProject
Global
	GlobalSection(SolutionConfigurationPlatforms) = preSolution
		Debug|Any CPU = Debug|Any CPU
		Release|Any CPU = Release|Any CPU
	EndGlobalSection
	GlobalSection(ProjectConfigurationPlatforms) = postSolution
		{D0903339-30E9-6120-85A8-22809026A76B}.Debug|Any CPU.ActiveCfg = Debug|Any CPU
		{D0903339-30E9-6120-85A8-22809026A76B}.Debug|Any CPU.Build.0 = Debug|Any CPU
		{D0903339-30E9-6120-85A8-22809026A76B}.Release|Any CPU.ActiveCfg = Release|Any CPU
		{D0903339-30E9-6120-85A8-22809026A76B}.Release|Any CPU.Build.0 = Release|Any CPU
	EndGlobalSection
	GlobalSection(SolutionProperties) = preSolution
		HideSolutionNode = FALSE
	EndGlobalSection
	GlobalSection(ExtensibilityGlobals) = postSolution
		SolutionGuid = {F296B472-7BDD-4F93-85EA-9F6E5DEA3441}
	EndGlobalSection
EndGlobal
